// !$*UTF8*$!
{
	archiveVersion = 1;
	classes = {};
	objectVersion = 56;
	objects = {
		A1 /* Project object */ = {isa = PBXProject; attributes = {LastUpgradeCheck = 2620;}; buildConfigurationList = C1; compatibilityVersion = "Xcode 14.0"; developmentRegion = en; hasScannedForEncodings = 0; knownRegions = (en, Base); mainGroup = G1; productRefGroup = G2; projectDirPath = ""; projectRoot = ""; targets = (T1); };
		G1 = {isa = PBXGroup; children = (F2, G2); sourceTree = "<group>";};
		G2 = {isa = PBXGroup; children = (F1); name = Products; sourceTree = "<group>";};
		F1 /* VoxSum.app */ = {isa = PBXFileReference; explicitFileType = wrapper.application; includeInIndex = 0; path = VoxSum.app; sourceTree = BUILT_PRODUCTS_DIR;};
		F2 /* Info.plist */ = {isa = PBXFileReference; lastKnownFileType = text.plist.xml; name = Info.plist; path = ../App/Info.plist; sourceTree = "<group>";};
		T1 /* VoxSum */ = {isa = PBXNativeTarget; buildConfigurationList = C2; buildPhases = (P1); buildRules = (); dependencies = (); name = VoxSum; productName = VoxSum; productReference = F1; productType = "com.apple.product-type.application";};
		P1 /* Embed prebuilt */ = {isa = PBXShellScriptBuildPhase; buildActionMask = 2147483647; files = (); inputPaths = (); name = "Build + embed native bundle"; outputPaths = (); runOnlyForDeploymentPostprocessing = 0; shellPath = /bin/bash; shellScript = "bash \"$SRCROOT/embed_prebuilt.sh\"\n"; alwaysOutOfDate = 1;};
		C1 = {isa = XCConfigurationList; buildConfigurations = (B1, B2); defaultConfigurationIsVisible = 0; defaultConfigurationName = Release;};
		C2 = {isa = XCConfigurationList; buildConfigurations = (B3, B4); defaultConfigurationIsVisible = 0; defaultConfigurationName = Release;};
		B1 = {isa = XCBuildConfiguration; name = Debug; buildSettings = {SDKROOT = iphoneos; IPHONEOS_DEPLOYMENT_TARGET = 17.0;};};
		B2 = {isa = XCBuildConfiguration; name = Release; buildSettings = {SDKROOT = iphoneos; IPHONEOS_DEPLOYMENT_TARGET = 17.0;};};
		B3 = {isa = XCBuildConfiguration; name = Debug; buildSettings = {PRODUCT_BUNDLE_IDENTIFIER = tw.com.pesi.voxsum; CODE_SIGN_ENTITLEMENTS = VoxSum.entitlements; PRODUCT_NAME = VoxSum; INFOPLIST_FILE = ../App/Info.plist; GENERATE_INFOPLIST_FILE = NO; CODE_SIGN_STYLE = Automatic; TARGETED_DEVICE_FAMILY = 1; SUPPORTED_PLATFORMS = "iphoneos iphonesimulator"; ENABLE_USER_SCRIPT_SANDBOXING = NO; SWIFT_VERSION = 5.0;};};
		B4 = {isa = XCBuildConfiguration; name = Release; buildSettings = {PRODUCT_BUNDLE_IDENTIFIER = tw.com.pesi.voxsum; CODE_SIGN_ENTITLEMENTS = VoxSum.entitlements; PRODUCT_NAME = VoxSum; INFOPLIST_FILE = ../App/Info.plist; GENERATE_INFOPLIST_FILE = NO; CODE_SIGN_STYLE = Automatic; TARGETED_DEVICE_FAMILY = 1; SUPPORTED_PLATFORMS = "iphoneos iphonesimulator"; ENABLE_USER_SCRIPT_SANDBOXING = NO; SWIFT_VERSION = 5.0;};};
	};
	rootObject = A1;
}
